# This file was autogenerated by Stack.
# You should not edit this file by hand.
# For more information, please see the documentation at:
#   https://docs.haskellstack.org/en/stable/lock_files

packages:
- completed:
    hackage: roundtrip-string-0.1.0.1@sha256:521ed32c85ffd5404493e030d070c63b65e13567a71d41858e4f423d001cd011,910
    pantry-tree:
      sha256: 45e41b0b2fea1e0326e813ffedb698d51fc1b34b77fc26e6162b8cac27bd6ac0
      size: 298
  original:
    hackage: roundtrip-string-0.1.0.1
- completed:
    commit: ab031177ca64814bd2a7ee9fbd2a82f984ae7507
    git: https://github.com/factisresearch/roundtrip.git
    name: roundtrip
    pantry-tree:
      sha256: 868537db74fcff3be242b9c24f394968158f6aeda39c7e4b798f13e768b24e6b
      size: 1882
    version: 0.2.0.6
  original:
    commit: ab031177ca64814bd2a7ee9fbd2a82f984ae7507
    git: https://github.com/factisresearch/roundtrip.git
snapshots:
- completed:
    sha256: 417fa04a2ed8916cdae74c475ff97ac80857fed5000f19dce4f9564b5e635294
    size: 720000
    url: https://raw.githubusercontent.com/commercialhaskell/stackage-snapshots/master/lts/22/32.yaml
  original: lts-22.32
